
Microsoft Visual Studio Solution File, Format Version 12.00
# Visual Studio Version 17
VisualStudioVersion = 17.5.33516.290
MinimumVisualStudioVersion = 10.0.40219.1
Project("{FAE04EC0-301F-11D3-BF4B-00C04F79EFBC}") = "GUI", "GUI\GUI.csproj", "{1A4B3068-00BB-4646-B4B9-8416035145E0}"
EndProject
Project("{9A19103F-16F7-4668-BE54-9A1E7A4F7556}") = "Businesss", "Businesss\Businesss.csproj", "{8C9EFA87-A2AB-480E-9255-3A0E57A393D2}"
EndProject
Project("{9A19103F-16F7-4668-BE54-9A1E7A4F7556}") = "DataAccess", "DataAccess\DataAccess.csproj", "{FF394BA5-2230-412F-B59C-FCCFD9A7932C}"
EndProject
Project("{9A19103F-16F7-4668-BE54-9A1E7A4F7556}") = "Entities", "Entities\Entities.csproj", "{C7DDD1EA-5B89-4FC1-8542-432F5DE770A3}"
EndProject
Global
	GlobalSection(SolutionConfigurationPlatforms) = preSolution
		Debug|Any CPU = Debug|Any CPU
		Release|Any CPU = Release|Any CPU
	EndGlobalSection
	GlobalSection(ProjectConfigurationPlatforms) = postSolution
		{1A4B3068-00BB-4646-B4B9-8416035145E0}.Debug|Any CPU.ActiveCfg = Debug|Any CPU
		{1A4B3068-00BB-4646-B4B9-8416035145E0}.Debug|Any CPU.Build.0 = Debug|Any CPU
		{1A4B3068-00BB-4646-B4B9-8416035145E0}.Release|Any CPU.ActiveCfg = Release|Any CPU
		{1A4B3068-00BB-4646-B4B9-8416035145E0}.Release|Any CPU.Build.0 = Release|Any CPU
		{8C9EFA87-A2AB-480E-9255-3A0E57A393D2}.Debug|Any CPU.ActiveCfg = Debug|Any CPU
		{8C9EFA87-A2AB-480E-9255-3A0E57A393D2}.Debug|Any CPU.Build.0 = Debug|Any CPU
		{8C9EFA87-A2AB-480E-9255-3A0E57A393D2}.Release|Any CPU.ActiveCfg = Release|Any CPU
		{8C9EFA87-A2AB-480E-9255-3A0E57A393D2}.Release|Any CPU.Build.0 = Release|Any CPU
		{FF394BA5-2230-412F-B59C-FCCFD9A7932C}.Debug|Any CPU.ActiveCfg = Debug|Any CPU
		{FF394BA5-2230-412F-B59C-FCCFD9A7932C}.Debug|Any CPU.Build.0 = Debug|Any CPU
		{FF394BA5-2230-412F-B59C-FCCFD9A7932C}.Release|Any CPU.ActiveCfg = Release|Any CPU
		{FF394BA5-2230-412F-B59C-FCCFD9A7932C}.Release|Any CPU.Build.0 = Release|Any CPU
		{C7DDD1EA-5B89-4FC1-8542-432F5DE770A3}.Debug|Any CPU.ActiveCfg = Debug|Any CPU
		{C7DDD1EA-5B89-4FC1-8542-432F5DE770A3}.Debug|Any CPU.Build.0 = Debug|Any CPU
		{C7DDD1EA-5B89-4FC1-8542-432F5DE770A3}.Release|Any CPU.ActiveCfg = Release|Any CPU
		{C7DDD1EA-5B89-4FC1-8542-432F5DE770A3}.Release|Any CPU.Build.0 = Release|Any CPU
	EndGlobalSection
	GlobalSection(SolutionProperties) = preSolution
		HideSolutionNode = FALSE
	EndGlobalSection
	GlobalSection(ExtensibilityGlobals) = postSolution
		SolutionGuid = {ECE54929-991E-42B9-BFC2-F1ABF4315B24}
	EndGlobalSection
EndGlobal
